
Microsoft Visual Studio Solution File, Format Version 12.00
# Visual Studio Version 17
VisualStudioVersion = 17.5.33424.131
MinimumVisualStudioVersion = 10.0.40219.1
Project("{FAE04EC0-301F-11D3-BF4B-00C04F79EFBC}") = "WpfApp52", "WpfApp52.csproj", "{812CF8DA-58BF-481D-B5D6-E9A7AA22A1FB}"
EndProject
Global
	GlobalSection(SolutionConfigurationPlatforms) = preSolution
		Debug|Any CPU = Debug|Any CPU
		Release|Any CPU = Release|Any CPU
	EndGlobalSection
	GlobalSection(ProjectConfigurationPlatforms) = postSolution
		{812CF8DA-58BF-481D-B5D6-E9A7AA22A1FB}.Debug|Any CPU.ActiveCfg = Debug|Any CPU
		{812CF8DA-58BF-481D-B5D6-E9A7AA22A1FB}.Debug|Any CPU.Build.0 = Debug|Any CPU
		{812CF8DA-58BF-481D-B5D6-E9A7AA22A1FB}.Release|Any CPU.ActiveCfg = Release|Any CPU
		{812CF8DA-58BF-481D-B5D6-E9A7AA22A1FB}.Release|Any CPU.Build.0 = Release|Any CPU
	EndGlobalSection
	GlobalSection(SolutionProperties) = preSolution
		HideSolutionNode = FALSE
	EndGlobalSection
	GlobalSection(ExtensibilityGlobals) = postSolution
		SolutionGuid = {720DE67C-B84F-4DAF-85E8-31718F0EAACE}
	EndGlobalSection
EndGlobal
